<?xml version="1.0" encoding="UTF-8" standalone="yes" ?>
<CodeBlocks_project_file>
	<FileVersion major="1" minor="6" />
	<Project>
		<Option title="pongvsboxes" />
		<Option pch_mode="2" />
		<Option compiler="gcc" />
		<Build>
			<Target title="Debug">
				<Option output="bin/Debug/pongvsboxes" prefix_auto="1" extension_auto="1" />
				<Option object_output="obj/Debug/" />
				<Option type="1" />
				<Option compiler="gcc" />
				<Compiler>
					<Add option="-g" />
<<<<<<< HEAD
					<Add directory="SFML-2.1/include" />
				</Compiler>
				<Linker>
					<Add library="opengl32" />
					<Add library="sfml-graphics" />
					<Add library="sfml-window" />
					<Add library="sfml-system" />
					<Add library="glu32" />
					<Add directory="SFML-2.1/lib" />
=======
					<Add option="-DGLEW_STATIC" />
					<Add directory="SFML-2.1/include" />
				</Compiler>
				<Linker>
					<Add library="sfml-graphics-d" />
					<Add library="sfml-window-d" />
					<Add library="sfml-system-d" />
					<Add directory="SFML-2.1/lib" />
					<Add directory="glew-1.10.0/lib/" />
>>>>>>> a619d7835b125de79aa656c0c11c038ce962e898
				</Linker>
			</Target>
			<Target title="Release">
				<Option output="bin/Release/pongvsboxes" prefix_auto="1" extension_auto="1" />
				<Option object_output="obj/Release/" />
				<Option type="1" />
				<Option compiler="gcc" />
				<Compiler>
					<Add option="-O2" />
				</Compiler>
				<Linker>
					<Add option="-s" />
				</Linker>
			</Target>
		</Build>
		<Compiler>
			<Add option="-Wall" />
		</Compiler>
		<Unit filename="Ball.cpp" />
		<Unit filename="Ball.h" />
		<Unit filename="Game.cpp" />
		<Unit filename="Game.h" />
		<Unit filename="Player.cpp" />
		<Unit filename="Player.h" />
<<<<<<< HEAD
		<Unit filename="Round.cpp" />
		<Unit filename="Round.h" />
=======
>>>>>>> a619d7835b125de79aa656c0c11c038ce962e898
		<Unit filename="block.cpp" />
		<Unit filename="block.h" />
		<Unit filename="main.cpp" />
		<Extensions>
			<code_completion />
			<envvars />
			<debugger />
			<DoxyBlocks>
				<comment_style block="0" line="0" />
				<doxyfile_project />
				<doxyfile_build />
				<doxyfile_warnings />
				<doxyfile_output />
				<doxyfile_dot />
				<general />
			</DoxyBlocks>
		</Extensions>
	</Project>
</CodeBlocks_project_file>
